
Microsoft Visual Studio Solution File, Format Version 12.00
# Visual Studio 15
VisualStudioVersion = 15.0.28307.106
MinimumVisualStudioVersion = 10.0.40219.1
Project("{FAE04EC0-301F-11D3-BF4B-00C04F79EFBC}") = "Laba1", "Laba1\Laba1.csproj", "{3F72B60F-FF08-4892-BEE1-208BBFB09788}"
EndProject
Project("{FAE04EC0-301F-11D3-BF4B-00C04F79EFBC}") = "Runner", "Runner\Runner.csproj", "{60D96029-E1F0-46E2-87B6-533661EF1866}"
EndProject
Project("{FAE04EC0-301F-11D3-BF4B-00C04F79EFBC}") = "TestLab1", "TestLab1\TestLab1.csproj", "{971343E5-0A9B-418C-A833-9DB9419317F0}"
EndProject
Global
	GlobalSection(SolutionConfigurationPlatforms) = preSolution
		Debug|Any CPU = Debug|Any CPU
		Release|Any CPU = Release|Any CPU
	EndGlobalSection
	GlobalSection(ProjectConfigurationPlatforms) = postSolution
		{3F72B60F-FF08-4892-BEE1-208BBFB09788}.Debug|Any CPU.ActiveCfg = Debug|Any CPU
		{3F72B60F-FF08-4892-BEE1-208BBFB09788}.Debug|Any CPU.Build.0 = Debug|Any CPU
		{3F72B60F-FF08-4892-BEE1-208BBFB09788}.Release|Any CPU.ActiveCfg = Release|Any CPU
		{3F72B60F-FF08-4892-BEE1-208BBFB09788}.Release|Any CPU.Build.0 = Release|Any CPU
		{60D96029-E1F0-46E2-87B6-533661EF1866}.Debug|Any CPU.ActiveCfg = Debug|Any CPU
		{60D96029-E1F0-46E2-87B6-533661EF1866}.Debug|Any CPU.Build.0 = Debug|Any CPU
		{60D96029-E1F0-46E2-87B6-533661EF1866}.Release|Any CPU.ActiveCfg = Release|Any CPU
		{60D96029-E1F0-46E2-87B6-533661EF1866}.Release|Any CPU.Build.0 = Release|Any CPU
		{971343E5-0A9B-418C-A833-9DB9419317F0}.Debug|Any CPU.ActiveCfg = Debug|Any CPU
		{971343E5-0A9B-418C-A833-9DB9419317F0}.Debug|Any CPU.Build.0 = Debug|Any CPU
		{971343E5-0A9B-418C-A833-9DB9419317F0}.Release|Any CPU.ActiveCfg = Release|Any CPU
		{971343E5-0A9B-418C-A833-9DB9419317F0}.Release|Any CPU.Build.0 = Release|Any CPU
	EndGlobalSection
	GlobalSection(SolutionProperties) = preSolution
		HideSolutionNode = FALSE
	EndGlobalSection
	GlobalSection(ExtensibilityGlobals) = postSolution
		SolutionGuid = {3EA35502-F8FD-4C25-8A7E-EBE28C037EC8}
	EndGlobalSection
EndGlobal
